
Microsoft Visual Studio Solution File, Format Version 12.00
# Visual Studio 14
VisualStudioVersion = 14.0.24720.0
MinimumVisualStudioVersion = 10.0.40219.1
Project("{FAE04EC0-301F-11D3-BF4B-00C04F79EFBC}") = "exo7p1", "exo7p1\exo7p1.csproj", "{35C98C53-61AD-474F-B4CA-BB644A3B59E0}"
EndProject
Global
	GlobalSection(SolutionConfigurationPlatforms) = preSolution
		Debug|Any CPU = Debug|Any CPU
		Release|Any CPU = Release|Any CPU
	EndGlobalSection
	GlobalSection(ProjectConfigurationPlatforms) = postSolution
		{35C98C53-61AD-474F-B4CA-BB644A3B59E0}.Debug|Any CPU.ActiveCfg = Debug|Any CPU
		{35C98C53-61AD-474F-B4CA-BB644A3B59E0}.Debug|Any CPU.Build.0 = Debug|Any CPU
		{35C98C53-61AD-474F-B4CA-BB644A3B59E0}.Release|Any CPU.ActiveCfg = Release|Any CPU
		{35C98C53-61AD-474F-B4CA-BB644A3B59E0}.Release|Any CPU.Build.0 = Release|Any CPU
	EndGlobalSection
	GlobalSection(SolutionProperties) = preSolution
		HideSolutionNode = FALSE
	EndGlobalSection
EndGlobal
