
Microsoft Visual Studio Solution File, Format Version 12.00
# Visual Studio 14
VisualStudioVersion = 14.0.24720.0
MinimumVisualStudioVersion = 10.0.40219.1
Project("{FAE04EC0-301F-11D3-BF4B-00C04F79EFBC}") = "exo10p5", "exo10p5\exo10p5.csproj", "{DAF43736-BD23-4DEB-84A7-5B73EC1FB0CC}"
EndProject
Global
	GlobalSection(SolutionConfigurationPlatforms) = preSolution
		Debug|Any CPU = Debug|Any CPU
		Release|Any CPU = Release|Any CPU
	EndGlobalSection
	GlobalSection(ProjectConfigurationPlatforms) = postSolution
		{DAF43736-BD23-4DEB-84A7-5B73EC1FB0CC}.Debug|Any CPU.ActiveCfg = Debug|Any CPU
		{DAF43736-BD23-4DEB-84A7-5B73EC1FB0CC}.Debug|Any CPU.Build.0 = Debug|Any CPU
		{DAF43736-BD23-4DEB-84A7-5B73EC1FB0CC}.Release|Any CPU.ActiveCfg = Release|Any CPU
		{DAF43736-BD23-4DEB-84A7-5B73EC1FB0CC}.Release|Any CPU.Build.0 = Release|Any CPU
	EndGlobalSection
	GlobalSection(SolutionProperties) = preSolution
		HideSolutionNode = FALSE
	EndGlobalSection
EndGlobal
